
Microsoft Visual Studio Solution File, Format Version 12.00
# Visual Studio Version 16
VisualStudioVersion = 16.0.30503.244
MinimumVisualStudioVersion = 15.0.26124.0
Project("{9A19103F-16F7-4668-BE54-9A1E7A4F7556}") = "WkHtmlSmartConvert", "WkHtmlSmartConvert\WkHtmlSmartConvert.csproj", "{1FBCB95A-590D-4FBD-84AD-C67BF170FF8D}"
EndProject
Project("{9A19103F-16F7-4668-BE54-9A1E7A4F7556}") = "WkHtmlSmartConvert.Tests", "WkHtmlSmartConvert.Tests\WkHtmlSmartConvert.Tests.csproj", "{E4E7AF04-A02C-431E-BB81-28CB638362A1}"
EndProject
Global
	GlobalSection(SolutionConfigurationPlatforms) = preSolution
		Debug|Any CPU = Debug|Any CPU
		Release|Any CPU = Release|Any CPU
	EndGlobalSection
	GlobalSection(ProjectConfigurationPlatforms) = postSolution
		{1FBCB95A-590D-4FBD-84AD-C67BF170FF8D}.Debug|Any CPU.ActiveCfg = Debug|Any CPU
		{1FBCB95A-590D-4FBD-84AD-C67BF170FF8D}.Debug|Any CPU.Build.0 = Debug|Any CPU
		{1FBCB95A-590D-4FBD-84AD-C67BF170FF8D}.Release|Any CPU.ActiveCfg = Release|Any CPU
		{1FBCB95A-590D-4FBD-84AD-C67BF170FF8D}.Release|Any CPU.Build.0 = Release|Any CPU
		{E4E7AF04-A02C-431E-BB81-28CB638362A1}.Debug|Any CPU.ActiveCfg = Debug|Any CPU
		{E4E7AF04-A02C-431E-BB81-28CB638362A1}.Debug|Any CPU.Build.0 = Debug|Any CPU
		{E4E7AF04-A02C-431E-BB81-28CB638362A1}.Release|Any CPU.ActiveCfg = Release|Any CPU
		{E4E7AF04-A02C-431E-BB81-28CB638362A1}.Release|Any CPU.Build.0 = Release|Any CPU
	EndGlobalSection
	GlobalSection(SolutionProperties) = preSolution
		HideSolutionNode = FALSE
	EndGlobalSection
	GlobalSection(ExtensibilityGlobals) = postSolution
		SolutionGuid = {1C5DE074-E16E-4E63-BBA2-96309EAD970E}
	EndGlobalSection
EndGlobal
